
Microsoft Visual Studio Solution File, Format Version 12.00
# Visual Studio 14
VisualStudioVersion = 14.0.25420.1
MinimumVisualStudioVersion = 10.0.40219.1
Project("{2150E333-8FDC-42A3-9474-1A3956D46DE8}") = "01 HXAvocado.Common", "01 HXAvocado.Common", "{327061ED-BCF5-4DF8-BE50-7A883D5A8BBC}"
EndProject
Project("{2150E333-8FDC-42A3-9474-1A3956D46DE8}") = "02 HXAvocado.Data", "02 HXAvocado.Data", "{2B4F98E2-9E68-4639-89F6-00C3A2E73266}"
EndProject
Project("{2150E333-8FDC-42A3-9474-1A3956D46DE8}") = "03 HXAvocado.Application", "03 HXAvocado.Application", "{119C3028-3D49-46F5-B3B6-CFC71413A678}"
EndProject
Project("{2150E333-8FDC-42A3-9474-1A3956D46DE8}") = "04  HXAvocado.Web", "04  HXAvocado.Web", "{086C1F23-E662-4531-9481-0AE97FEC0619}"
EndProject
Project("{FAE04EC0-301F-11D3-BF4B-00C04F79EFBC}") = "HXAvocado.Code", "HXAvocado.Code\HXAvocado.Code.csproj", "{2D04FB7A-DCA7-4DC6-AB81-79CBE494F80B}"
EndProject
Project("{FAE04EC0-301F-11D3-BF4B-00C04F79EFBC}") = "HXAvocado.Data", "HXAvocado.Data\HXAvocado.Data.csproj", "{A26C17BE-2246-48DC-BFC2-B7EA3744B8D5}"
EndProject
Project("{FAE04EC0-301F-11D3-BF4B-00C04F79EFBC}") = "HXAvocado.Application", "HXAvocado.Application\HXAvocado.Application.csproj", "{1B02BDF6-A132-4A6E-A38C-781F903F705E}"
EndProject
Project("{FAE04EC0-301F-11D3-BF4B-00C04F79EFBC}") = "HXAvocado.Entity", "HXAvocado.Entity\HXAvocado.Entity.csproj", "{AF2F51D0-2957-4966-A86C-394253434ED8}"
EndProject
Project("{FAE04EC0-301F-11D3-BF4B-00C04F79EFBC}") = "HXAvocado.ViewModel", "HXAvocado.ViewModel\HXAvocado.ViewModel.csproj", "{603A71A2-5848-4E70-9E29-E10419D7CE1A}"
EndProject
Project("{FAE04EC0-301F-11D3-BF4B-00C04F79EFBC}") = "HXAvocado.Web", "HXAvocado.Web\HXAvocado.Web.csproj", "{DDA3396D-E6A6-4DC1-9227-B2F031AB86DA}"
EndProject
Global
	GlobalSection(SolutionConfigurationPlatforms) = preSolution
		Debug|Any CPU = Debug|Any CPU
		Release|Any CPU = Release|Any CPU
	EndGlobalSection
	GlobalSection(ProjectConfigurationPlatforms) = postSolution
		{2D04FB7A-DCA7-4DC6-AB81-79CBE494F80B}.Debug|Any CPU.ActiveCfg = Debug|Any CPU
		{2D04FB7A-DCA7-4DC6-AB81-79CBE494F80B}.Debug|Any CPU.Build.0 = Debug|Any CPU
		{2D04FB7A-DCA7-4DC6-AB81-79CBE494F80B}.Release|Any CPU.ActiveCfg = Release|Any CPU
		{2D04FB7A-DCA7-4DC6-AB81-79CBE494F80B}.Release|Any CPU.Build.0 = Release|Any CPU
		{A26C17BE-2246-48DC-BFC2-B7EA3744B8D5}.Debug|Any CPU.ActiveCfg = Debug|Any CPU
		{A26C17BE-2246-48DC-BFC2-B7EA3744B8D5}.Debug|Any CPU.Build.0 = Debug|Any CPU
		{A26C17BE-2246-48DC-BFC2-B7EA3744B8D5}.Release|Any CPU.ActiveCfg = Release|Any CPU
		{A26C17BE-2246-48DC-BFC2-B7EA3744B8D5}.Release|Any CPU.Build.0 = Release|Any CPU
		{1B02BDF6-A132-4A6E-A38C-781F903F705E}.Debug|Any CPU.ActiveCfg = Debug|Any CPU
		{1B02BDF6-A132-4A6E-A38C-781F903F705E}.Debug|Any CPU.Build.0 = Debug|Any CPU
		{1B02BDF6-A132-4A6E-A38C-781F903F705E}.Release|Any CPU.ActiveCfg = Release|Any CPU
		{1B02BDF6-A132-4A6E-A38C-781F903F705E}.Release|Any CPU.Build.0 = Release|Any CPU
		{AF2F51D0-2957-4966-A86C-394253434ED8}.Debug|Any CPU.ActiveCfg = Debug|Any CPU
		{AF2F51D0-2957-4966-A86C-394253434ED8}.Debug|Any CPU.Build.0 = Debug|Any CPU
		{AF2F51D0-2957-4966-A86C-394253434ED8}.Release|Any CPU.ActiveCfg = Release|Any CPU
		{AF2F51D0-2957-4966-A86C-394253434ED8}.Release|Any CPU.Build.0 = Release|Any CPU
		{603A71A2-5848-4E70-9E29-E10419D7CE1A}.Debug|Any CPU.ActiveCfg = Debug|Any CPU
		{603A71A2-5848-4E70-9E29-E10419D7CE1A}.Debug|Any CPU.Build.0 = Debug|Any CPU
		{603A71A2-5848-4E70-9E29-E10419D7CE1A}.Release|Any CPU.ActiveCfg = Release|Any CPU
		{603A71A2-5848-4E70-9E29-E10419D7CE1A}.Release|Any CPU.Build.0 = Release|Any CPU
		{DDA3396D-E6A6-4DC1-9227-B2F031AB86DA}.Debug|Any CPU.ActiveCfg = Debug|Any CPU
		{DDA3396D-E6A6-4DC1-9227-B2F031AB86DA}.Debug|Any CPU.Build.0 = Debug|Any CPU
		{DDA3396D-E6A6-4DC1-9227-B2F031AB86DA}.Release|Any CPU.ActiveCfg = Release|Any CPU
		{DDA3396D-E6A6-4DC1-9227-B2F031AB86DA}.Release|Any CPU.Build.0 = Release|Any CPU
	EndGlobalSection
	GlobalSection(SolutionProperties) = preSolution
		HideSolutionNode = FALSE
	EndGlobalSection
	GlobalSection(NestedProjects) = preSolution
		{2D04FB7A-DCA7-4DC6-AB81-79CBE494F80B} = {327061ED-BCF5-4DF8-BE50-7A883D5A8BBC}
		{A26C17BE-2246-48DC-BFC2-B7EA3744B8D5} = {2B4F98E2-9E68-4639-89F6-00C3A2E73266}
		{1B02BDF6-A132-4A6E-A38C-781F903F705E} = {119C3028-3D49-46F5-B3B6-CFC71413A678}
		{AF2F51D0-2957-4966-A86C-394253434ED8} = {2B4F98E2-9E68-4639-89F6-00C3A2E73266}
		{603A71A2-5848-4E70-9E29-E10419D7CE1A} = {119C3028-3D49-46F5-B3B6-CFC71413A678}
		{DDA3396D-E6A6-4DC1-9227-B2F031AB86DA} = {086C1F23-E662-4531-9481-0AE97FEC0619}
	EndGlobalSection
EndGlobal
